// !$*UTF8*$!
{
	archiveVersion = 1;
	classes = {
	};
	objectVersion = 50;
	objects = {

/* Begin PBXBuildFile section */
		5000932525C0C3CE00F01BEF /* SourceSansPro-Light.ttf in CopyFiles */ = {isa = PBXBuildFile; fileRef = 5000932325C0C3AD00F01BEF /* SourceSansPro-Light.ttf */; };
		5000932625C0C3D000F01BEF /* SourceSansPro-SemiBold.ttf in CopyFiles */ = {isa = PBXBuildFile; fileRef = 5000932425C0C3C200F01BEF /* SourceSansPro-SemiBold.ttf */; };
		5000933125C0CB4A00F01BEF /* logo.png in CopyFiles */ = {isa = PBXBuildFile; fileRef = 5000932F25C0CB4500F01BEF /* logo.png */; };
		505485E925C15C3B00892284 /* AssetManager.cpp in Sources */ = {isa = PBXBuildFile; fileRef = 505485E725C15C3B00892284 /* AssetManager.cpp */; };
		50658EE025C03EF800F7128D /* Console.cpp in Sources */ = {isa = PBXBuildFile; fileRef = 50658EDE25C03EF800F7128D /* Console.cpp */; };
		5070133A25C0745D003B3420 /* DroidSansMono.ttf in CopyFiles */ = {isa = PBXBuildFile; fileRef = 5070133625C0719B003B3420 /* DroidSansMono.ttf */; };
		507F613025C1B3E0003D695F /* concrete.png in CopyFiles */ = {isa = PBXBuildFile; fileRef = 507F612F25C1B3A1003D695F /* concrete.png */; };
		507F613525C1BE42003D695F /* blur.frag in CopyFiles */ = {isa = PBXBuildFile; fileRef = 507F613425C1BA52003D695F /* blur.frag */; };
		5095D45925C021ED006AB819 /* FLAC.framework in Frameworks */ = {isa = PBXBuildFile; fileRef = 5095D43F25C021E8006AB819 /* FLAC.framework */; };
		5095D45A25C021ED006AB819 /* FLAC.framework in Embed Frameworks */ = {isa = PBXBuildFile; fileRef = 5095D43F25C021E8006AB819 /* FLAC.framework */; settings = {ATTRIBUTES = (RemoveHeadersOnCopy, ); }; };
		5095D45B25C021EE006AB819 /* freetype.framework in Frameworks */ = {isa = PBXBuildFile; fileRef = 5095D44225C021E8006AB819 /* freetype.framework */; };
		5095D45C25C021EE006AB819 /* freetype.framework in Embed Frameworks */ = {isa = PBXBuildFile; fileRef = 5095D44225C021E8006AB819 /* freetype.framework */; settings = {ATTRIBUTES = (RemoveHeadersOnCopy, ); }; };
		5095D45D25C021F0006AB819 /* ogg.framework in Frameworks */ = {isa = PBXBuildFile; fileRef = 5095D44125C021E8006AB819 /* ogg.framework */; };
		5095D45E25C021F0006AB819 /* ogg.framework in Embed Frameworks */ = {isa = PBXBuildFile; fileRef = 5095D44125C021E8006AB819 /* ogg.framework */; settings = {ATTRIBUTES = (RemoveHeadersOnCopy, ); }; };
		5095D45F25C021F1006AB819 /* OpenAL.framework in Frameworks */ = {isa = PBXBuildFile; fileRef = 5095D44325C021E8006AB819 /* OpenAL.framework */; };
		5095D46025C021F1006AB819 /* OpenAL.framework in Embed Frameworks */ = {isa = PBXBuildFile; fileRef = 5095D44325C021E8006AB819 /* OpenAL.framework */; settings = {ATTRIBUTES = (RemoveHeadersOnCopy, ); }; };
		5095D46125C021F3006AB819 /* sfml-audio.framework in Frameworks */ = {isa = PBXBuildFile; fileRef = 5095D44A25C021E8006AB819 /* sfml-audio.framework */; };
		5095D46225C021F3006AB819 /* sfml-audio.framework in Embed Frameworks */ = {isa = PBXBuildFile; fileRef = 5095D44A25C021E8006AB819 /* sfml-audio.framework */; settings = {ATTRIBUTES = (RemoveHeadersOnCopy, ); }; };
		5095D46325C021F4006AB819 /* sfml-graphics.framework in Frameworks */ = {isa = PBXBuildFile; fileRef = 5095D44525C021E8006AB819 /* sfml-graphics.framework */; };
		5095D46425C021F4006AB819 /* sfml-graphics.framework in Embed Frameworks */ = {isa = PBXBuildFile; fileRef = 5095D44525C021E8006AB819 /* sfml-graphics.framework */; settings = {ATTRIBUTES = (RemoveHeadersOnCopy, ); }; };
		5095D46525C021F6006AB819 /* sfml-network.framework in Frameworks */ = {isa = PBXBuildFile; fileRef = 5095D44925C021E8006AB819 /* sfml-network.framework */; };
		5095D46625C021F6006AB819 /* sfml-network.framework in Embed Frameworks */ = {isa = PBXBuildFile; fileRef = 5095D44925C021E8006AB819 /* sfml-network.framework */; settings = {ATTRIBUTES = (RemoveHeadersOnCopy, ); }; };
		5095D46725C021F7006AB819 /* sfml-system.framework in Frameworks */ = {isa = PBXBuildFile; fileRef = 5095D44425C021E8006AB819 /* sfml-system.framework */; };
		5095D46825C021F7006AB819 /* sfml-system.framework in Embed Frameworks */ = {isa = PBXBuildFile; fileRef = 5095D44425C021E8006AB819 /* sfml-system.framework */; settings = {ATTRIBUTES = (RemoveHeadersOnCopy, ); }; };
		5095D46925C021F9006AB819 /* sfml-window.framework in Frameworks */ = {isa = PBXBuildFile; fileRef = 5095D44625C021E8006AB819 /* sfml-window.framework */; };
		5095D46A25C021F9006AB819 /* sfml-window.framework in Embed Frameworks */ = {isa = PBXBuildFile; fileRef = 5095D44625C021E8006AB819 /* sfml-window.framework */; settings = {ATTRIBUTES = (RemoveHeadersOnCopy, ); }; };
		5095D46B25C021FA006AB819 /* SFML.framework in Frameworks */ = {isa = PBXBuildFile; fileRef = 5095D44725C021E8006AB819 /* SFML.framework */; };
		5095D46C25C021FA006AB819 /* SFML.framework in Embed Frameworks */ = {isa = PBXBuildFile; fileRef = 5095D44725C021E8006AB819 /* SFML.framework */; settings = {ATTRIBUTES = (RemoveHeadersOnCopy, ); }; };
		5095D46D25C021FC006AB819 /* vorbis.framework in Frameworks */ = {isa = PBXBuildFile; fileRef = 5095D44025C021E8006AB819 /* vorbis.framework */; };
		5095D46E25C021FC006AB819 /* vorbis.framework in Embed Frameworks */ = {isa = PBXBuildFile; fileRef = 5095D44025C021E8006AB819 /* vorbis.framework */; settings = {ATTRIBUTES = (RemoveHeadersOnCopy, ); }; };
		5095D46F25C021FD006AB819 /* vorbisenc.framework in Frameworks */ = {isa = PBXBuildFile; fileRef = 5095D44825C021E8006AB819 /* vorbisenc.framework */; };
		5095D47025C021FD006AB819 /* vorbisenc.framework in Embed Frameworks */ = {isa = PBXBuildFile; fileRef = 5095D44825C021E8006AB819 /* vorbisenc.framework */; settings = {ATTRIBUTES = (RemoveHeadersOnCopy, ); }; };
		5095D47125C02201006AB819 /* vorbisfile.framework in Frameworks */ = {isa = PBXBuildFile; fileRef = 5095D44B25C021E8006AB819 /* vorbisfile.framework */; };
		5095D47225C02201006AB819 /* vorbisfile.framework in Embed Frameworks */ = {isa = PBXBuildFile; fileRef = 5095D44B25C021E8006AB819 /* vorbisfile.framework */; settings = {ATTRIBUTES = (RemoveHeadersOnCopy, ); }; };
		50CF561A25BFECA900B1AC0D /* main.cpp in Sources */ = {isa = PBXBuildFile; fileRef = 50CF561925BFECA900B1AC0D /* main.cpp */; };
/* End PBXBuildFile section */

/* Begin PBXCopyFilesBuildPhase section */
		50CC6B8425C00D2A00189C23 /* Embed Frameworks */ = {
			isa = PBXCopyFilesBuildPhase;
			buildActionMask = 2147483647;
			dstPath = "";
			dstSubfolderSpec = 10;
			files = (
				5095D45C25C021EE006AB819 /* freetype.framework in Embed Frameworks */,
				5095D47225C02201006AB819 /* vorbisfile.framework in Embed Frameworks */,
				5095D46E25C021FC006AB819 /* vorbis.framework in Embed Frameworks */,
				5095D47025C021FD006AB819 /* vorbisenc.framework in Embed Frameworks */,
				5095D46225C021F3006AB819 /* sfml-audio.framework in Embed Frameworks */,
				5095D45A25C021ED006AB819 /* FLAC.framework in Embed Frameworks */,
				5095D45E25C021F0006AB819 /* ogg.framework in Embed Frameworks */,
				5095D46025C021F1006AB819 /* OpenAL.framework in Embed Frameworks */,
				5095D46A25C021F9006AB819 /* sfml-window.framework in Embed Frameworks */,
				5095D46825C021F7006AB819 /* sfml-system.framework in Embed Frameworks */,
				5095D46425C021F4006AB819 /* sfml-graphics.framework in Embed Frameworks */,
				5095D46C25C021FA006AB819 /* SFML.framework in Embed Frameworks */,
				5095D46625C021F6006AB819 /* sfml-network.framework in Embed Frameworks */,
			);
			name = "Embed Frameworks";
			runOnlyForDeploymentPostprocessing = 0;
		};
		50CF561425BFECA900B1AC0D /* CopyFiles */ = {
			isa = PBXCopyFilesBuildPhase;
			buildActionMask = 12;
			dstPath = "";
			dstSubfolderSpec = 7;
			files = (
				5000932525C0C3CE00F01BEF /* SourceSansPro-Light.ttf in CopyFiles */,
				5000932625C0C3D000F01BEF /* SourceSansPro-SemiBold.ttf in CopyFiles */,
				507F613525C1BE42003D695F /* blur.frag in CopyFiles */,
				5070133A25C0745D003B3420 /* DroidSansMono.ttf in CopyFiles */,
				507F613025C1B3E0003D695F /* concrete.png in CopyFiles */,
				5000933125C0CB4A00F01BEF /* logo.png in CopyFiles */,
			);
			runOnlyForDeploymentPostprocessing = 0;
		};
/* End PBXCopyFilesBuildPhase section */

/* Begin PBXFileReference section */
		5000932325C0C3AD00F01BEF /* SourceSansPro-Light.ttf */ = {isa = PBXFileReference; lastKnownFileType = file; path = "SourceSansPro-Light.ttf"; sourceTree = "<group>"; };
		5000932425C0C3C200F01BEF /* SourceSansPro-SemiBold.ttf */ = {isa = PBXFileReference; lastKnownFileType = file; path = "SourceSansPro-SemiBold.ttf"; sourceTree = "<group>"; };
		5000932F25C0CB4500F01BEF /* logo.png */ = {isa = PBXFileReference; lastKnownFileType = image.png; path = logo.png; sourceTree = "<group>"; };
		505485E725C15C3B00892284 /* AssetManager.cpp */ = {isa = PBXFileReference; lastKnownFileType = sourcecode.cpp.cpp; path = AssetManager.cpp; sourceTree = "<group>"; };
		505485E825C15C3B00892284 /* AssetManager.h */ = {isa = PBXFileReference; lastKnownFileType = sourcecode.c.h; path = AssetManager.h; sourceTree = "<group>"; };
		50658EDE25C03EF800F7128D /* Console.cpp */ = {isa = PBXFileReference; lastKnownFileType = sourcecode.cpp.cpp; path = Console.cpp; sourceTree = "<group>"; };
		50658EDF25C03EF800F7128D /* Console.h */ = {isa = PBXFileReference; lastKnownFileType = sourcecode.c.h; path = Console.h; sourceTree = "<group>"; };
		5070133625C0719B003B3420 /* DroidSansMono.ttf */ = {isa = PBXFileReference; lastKnownFileType = file; path = DroidSansMono.ttf; sourceTree = "<group>"; };
		507F612F25C1B3A1003D695F /* concrete.png */ = {isa = PBXFileReference; lastKnownFileType = image.png; path = concrete.png; sourceTree = "<group>"; };
		507F613425C1BA52003D695F /* blur.frag */ = {isa = PBXFileReference; lastKnownFileType = sourcecode.glsl; path = blur.frag; sourceTree = "<group>"; };
		5095D43F25C021E8006AB819 /* FLAC.framework */ = {isa = PBXFileReference; lastKnownFileType = wrapper.framework; name = FLAC.framework; path = SFML/FLAC.framework; sourceTree = "<group>"; };
		5095D44025C021E8006AB819 /* vorbis.framework */ = {isa = PBXFileReference; lastKnownFileType = wrapper.framework; name = vorbis.framework; path = SFML/vorbis.framework; sourceTree = "<group>"; };
		5095D44125C021E8006AB819 /* ogg.framework */ = {isa = PBXFileReference; lastKnownFileType = wrapper.framework; name = ogg.framework; path = SFML/ogg.framework; sourceTree = "<group>"; };
		5095D44225C021E8006AB819 /* freetype.framework */ = {isa = PBXFileReference; lastKnownFileType = wrapper.framework; name = freetype.framework; path = SFML/freetype.framework; sourceTree = "<group>"; };
		5095D44325C021E8006AB819 /* OpenAL.framework */ = {isa = PBXFileReference; lastKnownFileType = wrapper.framework; name = OpenAL.framework; path = SFML/OpenAL.framework; sourceTree = "<group>"; };
		5095D44425C021E8006AB819 /* sfml-system.framework */ = {isa = PBXFileReference; lastKnownFileType = wrapper.framework; name = "sfml-system.framework"; path = "SFML/sfml-system.framework"; sourceTree = "<group>"; };
		5095D44525C021E8006AB819 /* sfml-graphics.framework */ = {isa = PBXFileReference; lastKnownFileType = wrapper.framework; name = "sfml-graphics.framework"; path = "SFML/sfml-graphics.framework"; sourceTree = "<group>"; };
		5095D44625C021E8006AB819 /* sfml-window.framework */ = {isa = PBXFileReference; lastKnownFileType = wrapper.framework; name = "sfml-window.framework"; path = "SFML/sfml-window.framework"; sourceTree = "<group>"; };
		5095D44725C021E8006AB819 /* SFML.framework */ = {isa = PBXFileReference; lastKnownFileType = wrapper.framework; name = SFML.framework; path = SFML/SFML.framework; sourceTree = "<group>"; };
		5095D44825C021E8006AB819 /* vorbisenc.framework */ = {isa = PBXFileReference; lastKnownFileType = wrapper.framework; name = vorbisenc.framework; path = SFML/vorbisenc.framework; sourceTree = "<group>"; };
		5095D44925C021E8006AB819 /* sfml-network.framework */ = {isa = PBXFileReference; lastKnownFileType = wrapper.framework; name = "sfml-network.framework"; path = "SFML/sfml-network.framework"; sourceTree = "<group>"; };
		5095D44A25C021E8006AB819 /* sfml-audio.framework */ = {isa = PBXFileReference; lastKnownFileType = wrapper.framework; name = "sfml-audio.framework"; path = "SFML/sfml-audio.framework"; sourceTree = "<group>"; };
		5095D44B25C021E8006AB819 /* vorbisfile.framework */ = {isa = PBXFileReference; lastKnownFileType = wrapper.framework; name = vorbisfile.framework; path = SFML/vorbisfile.framework; sourceTree = "<group>"; };
		50CF561625BFECA900B1AC0D /* vAmigaSFML */ = {isa = PBXFileReference; explicitFileType = "compiled.mach-o.executable"; includeInIndex = 0; path = vAmigaSFML; sourceTree = BUILT_PRODUCTS_DIR; };
		50CF561925BFECA900B1AC0D /* main.cpp */ = {isa = PBXFileReference; lastKnownFileType = sourcecode.cpp.cpp; path = main.cpp; sourceTree = "<group>"; };
/* End PBXFileReference section */

/* Begin PBXFrameworksBuildPhase section */
		50CF561325BFECA900B1AC0D /* Frameworks */ = {
			isa = PBXFrameworksBuildPhase;
			buildActionMask = 2147483647;
			files = (
				5095D46725C021F7006AB819 /* sfml-system.framework in Frameworks */,
				5095D47125C02201006AB819 /* vorbisfile.framework in Frameworks */,
				5095D46F25C021FD006AB819 /* vorbisenc.framework in Frameworks */,
				5095D45925C021ED006AB819 /* FLAC.framework in Frameworks */,
				5095D46125C021F3006AB819 /* sfml-audio.framework in Frameworks */,
				5095D45B25C021EE006AB819 /* freetype.framework in Frameworks */,
				5095D46525C021F6006AB819 /* sfml-network.framework in Frameworks */,
				5095D46D25C021FC006AB819 /* vorbis.framework in Frameworks */,
				5095D45F25C021F1006AB819 /* OpenAL.framework in Frameworks */,
				5095D46925C021F9006AB819 /* sfml-window.framework in Frameworks */,
				5095D46325C021F4006AB819 /* sfml-graphics.framework in Frameworks */,
				5095D46B25C021FA006AB819 /* SFML.framework in Frameworks */,
				5095D45D25C021F0006AB819 /* ogg.framework in Frameworks */,
			);
			runOnlyForDeploymentPostprocessing = 0;
		};
/* End PBXFrameworksBuildPhase section */

/* Begin PBXGroup section */
		5070133725C071A6003B3420 /* Resources */ = {
			isa = PBXGroup;
			children = (
				507F613325C1B9ED003D695F /* Shaders */,
				507F613125C1B9CF003D695F /* Fonts */,
				507F613225C1B9DF003D695F /* Textures */,
			);
			path = Resources;
			sourceTree = "<group>";
		};
		507F613125C1B9CF003D695F /* Fonts */ = {
			isa = PBXGroup;
			children = (
				5000932325C0C3AD00F01BEF /* SourceSansPro-Light.ttf */,
				5000932425C0C3C200F01BEF /* SourceSansPro-SemiBold.ttf */,
				5070133625C0719B003B3420 /* DroidSansMono.ttf */,
			);
			path = Fonts;
			sourceTree = "<group>";
		};
		507F613225C1B9DF003D695F /* Textures */ = {
			isa = PBXGroup;
			children = (
				5000932F25C0CB4500F01BEF /* logo.png */,
				507F612F25C1B3A1003D695F /* concrete.png */,
			);
			path = Textures;
			sourceTree = "<group>";
		};
		507F613325C1B9ED003D695F /* Shaders */ = {
			isa = PBXGroup;
			children = (
				507F613425C1BA52003D695F /* blur.frag */,
			);
			path = Shaders;
			sourceTree = "<group>";
		};
		50CF560D25BFECA900B1AC0D = {
			isa = PBXGroup;
			children = (
				50CF561825BFECA900B1AC0D /* GUI */,
				5070133725C071A6003B3420 /* Resources */,
				50CF561725BFECA900B1AC0D /* Products */,
				50CF562125BFEFDD00B1AC0D /* Frameworks */,
			);
			sourceTree = "<group>";
		};
		50CF561725BFECA900B1AC0D /* Products */ = {
			isa = PBXGroup;
			children = (
				50CF561625BFECA900B1AC0D /* vAmigaSFML */,
			);
			name = Products;
			sourceTree = "<group>";
		};
		50CF561825BFECA900B1AC0D /* GUI */ = {
			isa = PBXGroup;
			children = (
				50CF561925BFECA900B1AC0D /* main.cpp */,
				505485E825C15C3B00892284 /* AssetManager.h */,
				505485E725C15C3B00892284 /* AssetManager.cpp */,
				50658EDF25C03EF800F7128D /* Console.h */,
				50658EDE25C03EF800F7128D /* Console.cpp */,
			);
			path = GUI;
			sourceTree = "<group>";
		};
		50CF562125BFEFDD00B1AC0D /* Frameworks */ = {
			isa = PBXGroup;
			children = (
				5095D43F25C021E8006AB819 /* FLAC.framework */,
				5095D44225C021E8006AB819 /* freetype.framework */,
				5095D44125C021E8006AB819 /* ogg.framework */,
				5095D44325C021E8006AB819 /* OpenAL.framework */,
				5095D44A25C021E8006AB819 /* sfml-audio.framework */,
				5095D44525C021E8006AB819 /* sfml-graphics.framework */,
				5095D44925C021E8006AB819 /* sfml-network.framework */,
				5095D44425C021E8006AB819 /* sfml-system.framework */,
				5095D44625C021E8006AB819 /* sfml-window.framework */,
				5095D44725C021E8006AB819 /* SFML.framework */,
				5095D44025C021E8006AB819 /* vorbis.framework */,
				5095D44825C021E8006AB819 /* vorbisenc.framework */,
				5095D44B25C021E8006AB819 /* vorbisfile.framework */,
			);
			name = Frameworks;
			sourceTree = "<group>";
		};
/* End PBXGroup section */

/* Begin PBXNativeTarget section */
		50CF561525BFECA900B1AC0D /* vAmigaSFML */ = {
			isa = PBXNativeTarget;
			buildConfigurationList = 50CF561D25BFECA900B1AC0D /* Build configuration list for PBXNativeTarget "vAmigaSFML" */;
			buildPhases = (
				50CF561225BFECA900B1AC0D /* Sources */,
				50CF561325BFECA900B1AC0D /* Frameworks */,
				50CF561425BFECA900B1AC0D /* CopyFiles */,
				50CC6B8425C00D2A00189C23 /* Embed Frameworks */,
				5070133825C0724A003B3420 /* Resources */,
			);
			buildRules = (
			);
			dependencies = (
			);
			name = vAmigaSFML;
			productName = vAmigaSFML;
			productReference = 50CF561625BFECA900B1AC0D /* vAmigaSFML */;
			productType = "com.apple.product-type.tool";
		};
/* End PBXNativeTarget section */

/* Begin PBXProject section */
		50CF560E25BFECA900B1AC0D /* Project object */ = {
			isa = PBXProject;
			attributes = {
				LastUpgradeCheck = 1230;
				TargetAttributes = {
					50CF561525BFECA900B1AC0D = {
						CreatedOnToolsVersion = 12.3;
					};
				};
			};
			buildConfigurationList = 50CF561125BFECA900B1AC0D /* Build configuration list for PBXProject "vAmigaSFML" */;
			compatibilityVersion = "Xcode 9.3";
			developmentRegion = en;
			hasScannedForEncodings = 0;
			knownRegions = (
				en,
				Base,
			);
			mainGroup = 50CF560D25BFECA900B1AC0D;
			productRefGroup = 50CF561725BFECA900B1AC0D /* Products */;
			projectDirPath = "";
			projectRoot = "";
			targets = (
				50CF561525BFECA900B1AC0D /* vAmigaSFML */,
			);
		};
/* End PBXProject section */

/* Begin PBXResourcesBuildPhase section */
		5070133825C0724A003B3420 /* Resources */ = {
			isa = PBXResourcesBuildPhase;
			buildActionMask = 2147483647;
			files = (
			);
			runOnlyForDeploymentPostprocessing = 0;
		};
/* End PBXResourcesBuildPhase section */

/* Begin PBXSourcesBuildPhase section */
		50CF561225BFECA900B1AC0D /* Sources */ = {
			isa = PBXSourcesBuildPhase;
			buildActionMask = 2147483647;
			files = (
				505485E925C15C3B00892284 /* AssetManager.cpp in Sources */,
				50CF561A25BFECA900B1AC0D /* main.cpp in Sources */,
				50658EE025C03EF800F7128D /* Console.cpp in Sources */,
			);
			runOnlyForDeploymentPostprocessing = 0;
		};
/* End PBXSourcesBuildPhase section */

/* Begin XCBuildConfiguration section */
		50CF561B25BFECA900B1AC0D /* Debug */ = {
			isa = XCBuildConfiguration;
			buildSettings = {
				ALWAYS_SEARCH_USER_PATHS = NO;
				CLANG_ANALYZER_NONNULL = YES;
				CLANG_ANALYZER_NUMBER_OBJECT_CONVERSION = YES_AGGRESSIVE;
				CLANG_CXX_LANGUAGE_STANDARD = "gnu++14";
				CLANG_CXX_LIBRARY = "libc++";
				CLANG_ENABLE_MODULES = YES;
				CLANG_ENABLE_OBJC_ARC = YES;
				CLANG_ENABLE_OBJC_WEAK = YES;
				CLANG_WARN_BLOCK_CAPTURE_AUTORELEASING = YES;
				CLANG_WARN_BOOL_CONVERSION = YES;
				CLANG_WARN_COMMA = YES;
				CLANG_WARN_CONSTANT_CONVERSION = YES;
				CLANG_WARN_DEPRECATED_OBJC_IMPLEMENTATIONS = YES;
				CLANG_WARN_DIRECT_OBJC_ISA_USAGE = YES_ERROR;
				CLANG_WARN_DOCUMENTATION_COMMENTS = YES;
				CLANG_WARN_EMPTY_BODY = YES;
				CLANG_WARN_ENUM_CONVERSION = YES;
				CLANG_WARN_INFINITE_RECURSION = YES;
				CLANG_WARN_INT_CONVERSION = YES;
				CLANG_WARN_NON_LITERAL_NULL_CONVERSION = YES;
				CLANG_WARN_OBJC_IMPLICIT_RETAIN_SELF = YES;
				CLANG_WARN_OBJC_LITERAL_CONVERSION = YES;
				CLANG_WARN_OBJC_ROOT_CLASS = YES_ERROR;
				CLANG_WARN_QUOTED_INCLUDE_IN_FRAMEWORK_HEADER = YES;
				CLANG_WARN_RANGE_LOOP_ANALYSIS = YES;
				CLANG_WARN_STRICT_PROTOTYPES = YES;
				CLANG_WARN_SUSPICIOUS_MOVE = YES;
				CLANG_WARN_UNGUARDED_AVAILABILITY = YES_AGGRESSIVE;
				CLANG_WARN_UNREACHABLE_CODE = YES;
				CLANG_WARN__DUPLICATE_METHOD_MATCH = YES;
				COPY_PHASE_STRIP = NO;
				DEBUG_INFORMATION_FORMAT = dwarf;
				DEVELOPMENT_TEAM = 3NG65ZLYW7;
				ENABLE_STRICT_OBJC_MSGSEND = YES;
				ENABLE_TESTABILITY = YES;
				FRAMEWORK_SEARCH_PATHS = "";
				GCC_C_LANGUAGE_STANDARD = gnu11;
				GCC_DYNAMIC_NO_PIC = NO;
				GCC_NO_COMMON_BLOCKS = YES;
				GCC_OPTIMIZATION_LEVEL = 0;
				GCC_PREPROCESSOR_DEFINITIONS = (
					"DEBUG=1",
					"$(inherited)",
				);
				GCC_WARN_64_TO_32_BIT_CONVERSION = YES;
				GCC_WARN_ABOUT_RETURN_TYPE = YES_ERROR;
				GCC_WARN_UNDECLARED_SELECTOR = YES;
				GCC_WARN_UNINITIALIZED_AUTOS = YES_AGGRESSIVE;
				GCC_WARN_UNUSED_FUNCTION = YES;
				GCC_WARN_UNUSED_VARIABLE = YES;
				HEADER_SEARCH_PATHS = "";
				LIBRARY_SEARCH_PATHS = "";
				MACOSX_DEPLOYMENT_TARGET = 10.15;
				MTL_ENABLE_DEBUG_INFO = INCLUDE_SOURCE;
				MTL_FAST_MATH = YES;
				ONLY_ACTIVE_ARCH = YES;
				SDKROOT = macosx;
			};
			name = Debug;
		};
		50CF561C25BFECA900B1AC0D /* Release */ = {
			isa = XCBuildConfiguration;
			buildSettings = {
				ALWAYS_SEARCH_USER_PATHS = NO;
				CLANG_ANALYZER_NONNULL = YES;
				CLANG_ANALYZER_NUMBER_OBJECT_CONVERSION = YES_AGGRESSIVE;
				CLANG_CXX_LANGUAGE_STANDARD = "gnu++14";
				CLANG_CXX_LIBRARY = "libc++";
				CLANG_ENABLE_MODULES = YES;
				CLANG_ENABLE_OBJC_ARC = YES;
				CLANG_ENABLE_OBJC_WEAK = YES;
				CLANG_WARN_BLOCK_CAPTURE_AUTORELEASING = YES;
				CLANG_WARN_BOOL_CONVERSION = YES;
				CLANG_WARN_COMMA = YES;
				CLANG_WARN_CONSTANT_CONVERSION = YES;
				CLANG_WARN_DEPRECATED_OBJC_IMPLEMENTATIONS = YES;
				CLANG_WARN_DIRECT_OBJC_ISA_USAGE = YES_ERROR;
				CLANG_WARN_DOCUMENTATION_COMMENTS = YES;
				CLANG_WARN_EMPTY_BODY = YES;
				CLANG_WARN_ENUM_CONVERSION = YES;
				CLANG_WARN_INFINITE_RECURSION = YES;
				CLANG_WARN_INT_CONVERSION = YES;
				CLANG_WARN_NON_LITERAL_NULL_CONVERSION = YES;
				CLANG_WARN_OBJC_IMPLICIT_RETAIN_SELF = YES;
				CLANG_WARN_OBJC_LITERAL_CONVERSION = YES;
				CLANG_WARN_OBJC_ROOT_CLASS = YES_ERROR;
				CLANG_WARN_QUOTED_INCLUDE_IN_FRAMEWORK_HEADER = YES;
				CLANG_WARN_RANGE_LOOP_ANALYSIS = YES;
				CLANG_WARN_STRICT_PROTOTYPES = YES;
				CLANG_WARN_SUSPICIOUS_MOVE = YES;
				CLANG_WARN_UNGUARDED_AVAILABILITY = YES_AGGRESSIVE;
				CLANG_WARN_UNREACHABLE_CODE = YES;
				CLANG_WARN__DUPLICATE_METHOD_MATCH = YES;
				COPY_PHASE_STRIP = NO;
				DEBUG_INFORMATION_FORMAT = "dwarf-with-dsym";
				DEVELOPMENT_TEAM = 3NG65ZLYW7;
				ENABLE_NS_ASSERTIONS = NO;
				ENABLE_STRICT_OBJC_MSGSEND = YES;
				FRAMEWORK_SEARCH_PATHS = "";
				GCC_C_LANGUAGE_STANDARD = gnu11;
				GCC_NO_COMMON_BLOCKS = YES;
				GCC_WARN_64_TO_32_BIT_CONVERSION = YES;
				GCC_WARN_ABOUT_RETURN_TYPE = YES_ERROR;
				GCC_WARN_UNDECLARED_SELECTOR = YES;
				GCC_WARN_UNINITIALIZED_AUTOS = YES_AGGRESSIVE;
				GCC_WARN_UNUSED_FUNCTION = YES;
				GCC_WARN_UNUSED_VARIABLE = YES;
				HEADER_SEARCH_PATHS = "";
				LIBRARY_SEARCH_PATHS = "";
				MACOSX_DEPLOYMENT_TARGET = 10.15;
				MTL_ENABLE_DEBUG_INFO = NO;
				MTL_FAST_MATH = YES;
				SDKROOT = macosx;
			};
			name = Release;
		};
		50CF561E25BFECA900B1AC0D /* Debug */ = {
			isa = XCBuildConfiguration;
			buildSettings = {
				CODE_SIGN_STYLE = Automatic;
				DEVELOPMENT_ASSET_PATHS = "";
				DEVELOPMENT_TEAM = 3NG65ZLYW7;
				ENABLE_HARDENED_RUNTIME = NO;
				FRAMEWORK_SEARCH_PATHS = (
					"$(inherited)",
					"$(PROJECT_DIR)/SFML",
				);
				HEADER_SEARCH_PATHS = "$(SRCROOT)/SFML/include";
				LIBRARY_SEARCH_PATHS = "$(inherited)";
				PRODUCT_NAME = "$(TARGET_NAME)";
			};
			name = Debug;
		};
		50CF561F25BFECA900B1AC0D /* Release */ = {
			isa = XCBuildConfiguration;
			buildSettings = {
				CODE_SIGN_STYLE = Automatic;
				DEVELOPMENT_ASSET_PATHS = "";
				DEVELOPMENT_TEAM = 3NG65ZLYW7;
				ENABLE_HARDENED_RUNTIME = NO;
				FRAMEWORK_SEARCH_PATHS = (
					"$(inherited)",
					"$(PROJECT_DIR)/SFML",
				);
				HEADER_SEARCH_PATHS = "$(SRCROOT)/SFML/include";
				LIBRARY_SEARCH_PATHS = "$(inherited)";
				PRODUCT_NAME = "$(TARGET_NAME)";
			};
			name = Release;
		};
/* End XCBuildConfiguration section */

/* Begin XCConfigurationList section */
		50CF561125BFECA900B1AC0D /* Build configuration list for PBXProject "vAmigaSFML" */ = {
			isa = XCConfigurationList;
			buildConfigurations = (
				50CF561B25BFECA900B1AC0D /* Debug */,
				50CF561C25BFECA900B1AC0D /* Release */,
			);
			defaultConfigurationIsVisible = 0;
			defaultConfigurationName = Release;
		};
		50CF561D25BFECA900B1AC0D /* Build configuration list for PBXNativeTarget "vAmigaSFML" */ = {
			isa = XCConfigurationList;
			buildConfigurations = (
				50CF561E25BFECA900B1AC0D /* Debug */,
				50CF561F25BFECA900B1AC0D /* Release */,
			);
			defaultConfigurationIsVisible = 0;
			defaultConfigurationName = Release;
		};
/* End XCConfigurationList section */
	};
	rootObject = 50CF560E25BFECA900B1AC0D /* Project object */;
}
